
Microsoft Visual Studio Solution File, Format Version 12.00
# Visual Studio Version 17
VisualStudioVersion = 17.5.33516.290
MinimumVisualStudioVersion = 10.0.40219.1
Project("{9A19103F-16F7-4668-BE54-9A1E7A4F7556}") = "GraphqlDemo.API", "GraphqlDemo.API\GraphqlDemo.API.csproj", "{5DF32110-FE95-48C5-A37C-43C9C2B1B56D}"
EndProject
Global
	GlobalSection(SolutionConfigurationPlatforms) = preSolution
		Debug|Any CPU = Debug|Any CPU
		Release|Any CPU = Release|Any CPU
	EndGlobalSection
	GlobalSection(ProjectConfigurationPlatforms) = postSolution
		{5DF32110-FE95-48C5-A37C-43C9C2B1B56D}.Debug|Any CPU.ActiveCfg = Debug|Any CPU
		{5DF32110-FE95-48C5-A37C-43C9C2B1B56D}.Debug|Any CPU.Build.0 = Debug|Any CPU
		{5DF32110-FE95-48C5-A37C-43C9C2B1B56D}.Release|Any CPU.ActiveCfg = Release|Any CPU
		{5DF32110-FE95-48C5-A37C-43C9C2B1B56D}.Release|Any CPU.Build.0 = Release|Any CPU
	EndGlobalSection
	GlobalSection(SolutionProperties) = preSolution
		HideSolutionNode = FALSE
	EndGlobalSection
	GlobalSection(ExtensibilityGlobals) = postSolution
		SolutionGuid = {1248CF52-081F-402C-85BB-D64F7A8E6C5D}
	EndGlobalSection
EndGlobal
